{
  "lockfile_version": "0.1",
  "updated_at": "2026-05-28T19:20:23.936900+00:00",
  "packages": {
    "word-counter-pack": {
      "version": "1.0.0",
      "package_type": "toolpack",
      "runtime": "python",
      "entrypoint": "word_counter_pack.tool",
      "capability_ids": [
        "data_cleaning"
      ],
      "tools": [
        {
          "name": "count_words",
          "entrypoint": "word_counter_pack.tool:count_words"
        }
      ],
      "artifact_hash": "sha256:445388c86aa2b20c3e748f58b2d221548f1f3f71ff5c715a64cdc80966fab03c",
      "installed_at": "2026-03-18T02:18:53.827396+00:00",
      "source": "sdk",
      "trust_level": "trusted",
      "permissions": {
        "network_level": "none",
        "filesystem_level": "none",
        "code_execution_level": "none",
        "data_access_level": "input_only",
        "user_approval_level": "never"
      }
    },
    "pdf-reader-pack": {
      "version": "1.0.0",
      "package_type": "toolpack",
      "runtime": "python",
      "entrypoint": "pdf_reader_pack.tool",
      "capability_ids": [
        "pdf_extraction"
      ],
      "tools": [],
      "artifact_hash": "sha256:4635316cb5f8ee477f41ccad570c3bcd5026fc7cd1fbf402a12df575be54ae20",
      "installed_at": "2026-04-15T23:53:44.341323+00:00",
      "source": "sdk",
      "trust_level": "trusted",
      "permissions": {
        "network_level": "none",
        "filesystem_level": "temp",
        "code_execution_level": "none",
        "data_access_level": "input_only",
        "user_approval_level": "never"
      },
      "prompts": [],
      "resources": [],
      "connector": null,
      "agent": null
    },
    "web-search-pack": {
      "version": "1.0.0",
      "package_type": "toolpack",
      "runtime": "python",
      "entrypoint": "web_search_pack.tool",
      "capability_ids": [
        "web_search"
      ],
      "tools": [],
      "artifact_hash": "sha256:3e667ba523ceddf6137a1a15f4103d48a59085d1d277750f30addf2758228d12",
      "installed_at": "2026-04-16T13:48:00.554169+00:00",
      "source": "sdk",
      "trust_level": "trusted",
      "permissions": {
        "network_level": "restricted",
        "filesystem_level": "none",
        "code_execution_level": "none",
        "data_access_level": "input_only",
        "user_approval_level": "never"
      },
      "prompts": [],
      "resources": [],
      "connector": null,
      "agent": null
    },
    "web-design-pack": {
      "version": "1.0.0",
      "package_type": "toolpack",
      "runtime": "python",
      "entrypoint": "web_design_pack.tool",
      "capability_ids": [
        "web_design"
      ],
      "tools": [],
      "artifact_hash": "sha256:bf90bc3e2fb78682bc3df5f53d7a195675c564f0f3ede8dddfce403b59b73525",
      "installed_at": "2026-04-16T13:48:58.751523+00:00",
      "source": "sdk",
      "trust_level": "trusted",
      "permissions": {
        "network_level": "none",
        "filesystem_level": "temp",
        "code_execution_level": "none",
        "data_access_level": "input_only",
        "user_approval_level": "never"
      },
      "prompts": [],
      "resources": [],
      "connector": null,
      "agent": null
    },
    "csv-analyzer-pack": {
      "version": "1.0.0",
      "package_type": "toolpack",
      "runtime": "python",
      "entrypoint": "csv_analyzer_pack.tool",
      "capability_ids": [
        "csv_analysis"
      ],
      "tools": [],
      "artifact_hash": "sha256:62cfe9be62e97174ab41eff190e356d1c512b11ac88cb566d7c75e5f5e0f8d42",
      "installed_at": "2026-04-24T13:59:54.295800+00:00",
      "source": "sdk",
      "trust_level": "trusted",
      "permissions": {
        "network_level": "none",
        "filesystem_level": "temp",
        "code_execution_level": "none",
        "data_access_level": "input_only",
        "user_approval_level": "never"
      },
      "prompts": [],
      "resources": [],
      "connector": null,
      "agent": null
    },
    "data-visualizer-pack": {
      "version": "1.0.0",
      "package_type": "toolpack",
      "runtime": "python",
      "entrypoint": "data_visualizer_pack.tool",
      "capability_ids": [
        "data_visualization"
      ],
      "tools": [],
      "artifact_hash": "sha256:bc9485ae4d4eec2644fb0b5dc0d8108293142db673e877b30f64dd335298822b",
      "installed_at": "2026-05-05T10:30:55.275916+00:00",
      "source": "sdk",
      "trust_level": "trusted",
      "permissions": {
        "network_level": "none",
        "filesystem_level": "temp",
        "code_execution_level": "none",
        "data_access_level": "input_only",
        "user_approval_level": "never"
      },
      "prompts": [],
      "resources": [],
      "connector": null,
      "agent": null
    },
    "mcp-filesystem": {
      "version": "0.1.0",
      "package_type": "toolpack",
      "runtime": "mcp",
      "entrypoint": "",
      "capability_ids": [
        "file_read",
        "file_write",
        "file_read"
      ],
      "tools": [],
      "artifact_hash": "",
      "installed_at": "2026-05-28T19:19:36.026966+00:00",
      "source": "sdk",
      "trust_level": "unverified",
      "last_trust_check": "2026-05-28T19:19:36.026975+00:00",
      "permissions": {
        "network_level": "none",
        "filesystem_level": "none",
        "code_execution_level": "none",
        "data_access_level": "input_only",
        "user_approval_level": "once"
      },
      "prompts": [],
      "resources": [],
      "connector": null,
      "agent": null,
      "publisher_slug": "agentnode-community",
      "mcp_command": [
        "npx",
        "-y",
        "@modelcontextprotocol/server-filesystem@2025.3.28"
      ],
      "_integrity": {
        "algorithm": "sha256",
        "canonical_version": 3,
        "hash": "e328410426cb56408c78c3a8b4ca3e5149b0f9a69e209755a2473c5596344e77"
      }
    },
    "mcp-brave-search": {
      "version": "0.1.0",
      "package_type": "toolpack",
      "runtime": "mcp",
      "entrypoint": "",
      "capability_ids": [
        "web_search"
      ],
      "tools": [],
      "artifact_hash": "",
      "installed_at": "2026-05-28T19:20:23.929529+00:00",
      "source": "sdk",
      "trust_level": "unverified",
      "last_trust_check": "2026-05-28T19:20:23.929538+00:00",
      "permissions": {
        "network_level": "none",
        "filesystem_level": "none",
        "code_execution_level": "none",
        "data_access_level": "input_only",
        "user_approval_level": "once"
      },
      "prompts": [],
      "resources": [],
      "connector": null,
      "agent": null,
      "publisher_slug": "agentnode-community",
      "mcp_command": [
        "npx",
        "-y",
        "@modelcontextprotocol/server-brave-search@2025.3.28"
      ],
      "mcp_env_keys": [
        "BRAVE_API_KEY"
      ],
      "_integrity": {
        "algorithm": "sha256",
        "canonical_version": 3,
        "hash": "6971a6e31fc7b6364c7378cde6d6a2f86712aa7cc80ab53ddbcedf731b03632f"
      }
    }
  }
}
