{
  "lockfile_version": "0.1",
  "updated_at": "2026-03-18T02:18:53.827839+00:00",
  "packages": {
    "word-counter-pack": {
      "version": "1.0.0",
      "package_type": "toolpack",
      "entrypoint": "word_counter_pack.tool",
      "capability_ids": [
        "data_cleaning"
      ],
      "tools": [
        {
          "name": "count_words",
          "entrypoint": "word_counter_pack.tool:count_words"
        }
      ],
      "artifact_hash": "sha256:445388c86aa2b20c3e748f58b2d221548f1f3f71ff5c715a64cdc80966fab03c",
      "installed_at": "2026-03-18T02:18:53.827396+00:00",
      "source": "sdk"
    }
  }
}
